
Microsoft Visual Studio Solution File, Format Version 12.00
# Visual Studio 2017
Project("{FAE04EC0-301F-11D3-BF4B-00C04F79EFBC}") = "ValleyResistance", "ValleyResistance.csproj", "{BDF007BC-41FE-B369-7341-A9CE4DF246FA}"
EndProject
Project("{FAE04EC0-301F-11D3-BF4B-00C04F79EFBC}") = "ValleyResistance.Editor", "ValleyResistance.Editor.csproj", "{0230D145-4ECE-F75D-D4F8-27964411DA52}"
EndProject
Global
	GlobalSection(SolutionConfigurationPlatforms) = preSolution
		Debug|Any CPU = Debug|Any CPU
		Release|Any CPU = Release|Any CPU
	EndGlobalSection
	GlobalSection(ProjectConfigurationPlatforms) = postSolution
		{BDF007BC-41FE-B369-7341-A9CE4DF246FA}.Debug|Any CPU.ActiveCfg = Debug|Any CPU
		{BDF007BC-41FE-B369-7341-A9CE4DF246FA}.Debug|Any CPU.Build.0 = Debug|Any CPU
		{BDF007BC-41FE-B369-7341-A9CE4DF246FA}.Release|Any CPU.ActiveCfg = Release|Any CPU
		{BDF007BC-41FE-B369-7341-A9CE4DF246FA}.Release|Any CPU.Build.0 = Release|Any CPU
		{0230D145-4ECE-F75D-D4F8-27964411DA52}.Debug|Any CPU.ActiveCfg = Debug|Any CPU
		{0230D145-4ECE-F75D-D4F8-27964411DA52}.Debug|Any CPU.Build.0 = Debug|Any CPU
		{0230D145-4ECE-F75D-D4F8-27964411DA52}.Release|Any CPU.ActiveCfg = Release|Any CPU
		{0230D145-4ECE-F75D-D4F8-27964411DA52}.Release|Any CPU.Build.0 = Release|Any CPU
	EndGlobalSection
	GlobalSection(SolutionProperties) = preSolution
		HideSolutionNode = FALSE
	EndGlobalSection
EndGlobal
