
Microsoft Visual Studio Solution File, Format Version 12.00
# Visual Studio 2015
Project("{FAE04EC0-301F-11D3-BF4B-00C04F79EFBC}") = "projettestoculus.CSharp", "projettestoculus.CSharp.csproj", "{C8F6A495-53C1-1426-B106-F7769AEF56D6}"
EndProject
Project("{FAE04EC0-301F-11D3-BF4B-00C04F79EFBC}") = "projettestoculus.CSharp.Editor", "projettestoculus.CSharp.Editor.csproj", "{50CF6796-E207-F7D4-63E4-3342E86E88C2}"
EndProject
Global
	GlobalSection(SolutionConfigurationPlatforms) = preSolution
		Debug|Any CPU = Debug|Any CPU
		Release|Any CPU = Release|Any CPU
	EndGlobalSection
	GlobalSection(ProjectConfigurationPlatforms) = postSolution
		{C8F6A495-53C1-1426-B106-F7769AEF56D6}.Debug|Any CPU.ActiveCfg = Debug|Any CPU
		{C8F6A495-53C1-1426-B106-F7769AEF56D6}.Debug|Any CPU.Build.0 = Debug|Any CPU
		{C8F6A495-53C1-1426-B106-F7769AEF56D6}.Release|Any CPU.ActiveCfg = Release|Any CPU
		{C8F6A495-53C1-1426-B106-F7769AEF56D6}.Release|Any CPU.Build.0 = Release|Any CPU
		{50CF6796-E207-F7D4-63E4-3342E86E88C2}.Debug|Any CPU.ActiveCfg = Debug|Any CPU
		{50CF6796-E207-F7D4-63E4-3342E86E88C2}.Debug|Any CPU.Build.0 = Debug|Any CPU
		{50CF6796-E207-F7D4-63E4-3342E86E88C2}.Release|Any CPU.ActiveCfg = Release|Any CPU
		{50CF6796-E207-F7D4-63E4-3342E86E88C2}.Release|Any CPU.Build.0 = Release|Any CPU
	EndGlobalSection
	GlobalSection(SolutionProperties) = preSolution
		HideSolutionNode = FALSE
	EndGlobalSection
EndGlobal
