Microsoft Visual Studio Solution File, Format Version 11.00
# Visual Studio 2008

Project("{B5CAE5E9-BA18-C111-B62A-CA0694FFE622}") = "ValleyResistance", "Assembly-CSharp.csproj", "{A5D5C8C5-DD00-BAC2-F6F0-1D6EC1D0B9D8}"
EndProject
Project("{B5CAE5E9-BA18-C111-B62A-CA0694FFE622}") = "ValleyResistance", "Assembly-CSharp-Editor.csproj", "{7A7B6DBC-1FC1-2EBA-242D-2D1C35052BD2}"
EndProject
Global
	GlobalSection(SolutionConfigurationPlatforms) = preSolution
		Debug|Any CPU = Debug|Any CPU
		Release|Any CPU = Release|Any CPU
	EndGlobalSection
	GlobalSection(ProjectConfigurationPlatforms) = postSolution
		{A5D5C8C5-DD00-BAC2-F6F0-1D6EC1D0B9D8}.Debug|Any CPU.ActiveCfg = Debug|Any CPU
		{A5D5C8C5-DD00-BAC2-F6F0-1D6EC1D0B9D8}.Debug|Any CPU.Build.0 = Debug|Any CPU
		{A5D5C8C5-DD00-BAC2-F6F0-1D6EC1D0B9D8}.Release|Any CPU.ActiveCfg = Release|Any CPU
		{A5D5C8C5-DD00-BAC2-F6F0-1D6EC1D0B9D8}.Release|Any CPU.Build.0 = Release|Any CPU
		{7A7B6DBC-1FC1-2EBA-242D-2D1C35052BD2}.Debug|Any CPU.ActiveCfg = Debug|Any CPU
		{7A7B6DBC-1FC1-2EBA-242D-2D1C35052BD2}.Debug|Any CPU.Build.0 = Debug|Any CPU
		{7A7B6DBC-1FC1-2EBA-242D-2D1C35052BD2}.Release|Any CPU.ActiveCfg = Release|Any CPU
		{7A7B6DBC-1FC1-2EBA-242D-2D1C35052BD2}.Release|Any CPU.Build.0 = Release|Any CPU
	EndGlobalSection
	GlobalSection(SolutionProperties) = preSolution
		HideSolutionNode = FALSE
	EndGlobalSection
	GlobalSection(MonoDevelopProperties) = preSolution
		StartupItem = Assembly-CSharp.csproj
	EndGlobalSection
EndGlobal
