
Microsoft Visual Studio Solution File, Format Version 12.00
# Visual Studio 2015
Project("{FAE04EC0-301F-11D3-BF4B-00C04F79EFBC}") = "Valley Resistance.CSharp", "Valley Resistance.CSharp.csproj", "{BED5BBB7-CBAD-DA97-CD02-3BC1A04E7179}"
EndProject
Project("{FAE04EC0-301F-11D3-BF4B-00C04F79EFBC}") = "Valley Resistance.CSharp.Editor", "Valley Resistance.CSharp.Editor.csproj", "{2303B73A-2B8B-E36C-326B-571E27F2861F}"
EndProject
Global
	GlobalSection(SolutionConfigurationPlatforms) = preSolution
		Debug|Any CPU = Debug|Any CPU
		Release|Any CPU = Release|Any CPU
	EndGlobalSection
	GlobalSection(ProjectConfigurationPlatforms) = postSolution
		{BED5BBB7-CBAD-DA97-CD02-3BC1A04E7179}.Debug|Any CPU.ActiveCfg = Debug|Any CPU
		{BED5BBB7-CBAD-DA97-CD02-3BC1A04E7179}.Debug|Any CPU.Build.0 = Debug|Any CPU
		{BED5BBB7-CBAD-DA97-CD02-3BC1A04E7179}.Release|Any CPU.ActiveCfg = Release|Any CPU
		{BED5BBB7-CBAD-DA97-CD02-3BC1A04E7179}.Release|Any CPU.Build.0 = Release|Any CPU
		{2303B73A-2B8B-E36C-326B-571E27F2861F}.Debug|Any CPU.ActiveCfg = Debug|Any CPU
		{2303B73A-2B8B-E36C-326B-571E27F2861F}.Debug|Any CPU.Build.0 = Debug|Any CPU
		{2303B73A-2B8B-E36C-326B-571E27F2861F}.Release|Any CPU.ActiveCfg = Release|Any CPU
		{2303B73A-2B8B-E36C-326B-571E27F2861F}.Release|Any CPU.Build.0 = Release|Any CPU
	EndGlobalSection
	GlobalSection(SolutionProperties) = preSolution
		HideSolutionNode = FALSE
	EndGlobalSection
EndGlobal
