Microsoft Visual Studio Solution File, Format Version 11.00
# Visual Studio 2008

Project("{7DFCE5C2-0FDD-AAF8-C3D1-5564B2244B52}") = "Valley Resistance", "Assembly-CSharp.csproj", "{13E3BFA3-49F4-5F7C-C404-085D667D3789}"
EndProject
Global
	GlobalSection(SolutionConfigurationPlatforms) = preSolution
		Debug|Any CPU = Debug|Any CPU
		Release|Any CPU = Release|Any CPU
	EndGlobalSection
	GlobalSection(ProjectConfigurationPlatforms) = postSolution
		{13E3BFA3-49F4-5F7C-C404-085D667D3789}.Debug|Any CPU.ActiveCfg = Debug|Any CPU
		{13E3BFA3-49F4-5F7C-C404-085D667D3789}.Debug|Any CPU.Build.0 = Debug|Any CPU
		{13E3BFA3-49F4-5F7C-C404-085D667D3789}.Release|Any CPU.ActiveCfg = Release|Any CPU
		{13E3BFA3-49F4-5F7C-C404-085D667D3789}.Release|Any CPU.Build.0 = Release|Any CPU
	EndGlobalSection
	GlobalSection(SolutionProperties) = preSolution
		HideSolutionNode = FALSE
	EndGlobalSection
	GlobalSection(MonoDevelopProperties) = preSolution
		StartupItem = Assembly-CSharp.csproj
	EndGlobalSection
EndGlobal
